
Microsoft Visual Studio Solution File, Format Version 12.00
# Visual Studio Version 17
VisualStudioVersion = 17.6.33712.159
MinimumVisualStudioVersion = 10.0.40219.1
Project("{9A19103F-16F7-4668-BE54-9A1E7A4F7556}") = "TicketSystem.APIs", "Lab 2\TicketSystem.APIs.csproj", "{0277A555-B362-49CE-92DD-4D2C563E1011}"
EndProject
Project("{FAE04EC0-301F-11D3-BF4B-00C04F79EFBC}") = "TicketSystem.BL", "TicketSystem.BL\TicketSystem.BL.csproj", "{10999941-FBF2-4AE0-A8B4-07AF495ADF15}"
EndProject
Project("{FAE04EC0-301F-11D3-BF4B-00C04F79EFBC}") = "TicketSystem.DAL", "TicketSystem.DAL\TicketSystem.DAL.csproj", "{FDDDB295-2C4C-41FF-8511-A8A59855A137}"
EndProject
Global
	GlobalSection(SolutionConfigurationPlatforms) = preSolution
		Debug|Any CPU = Debug|Any CPU
		Release|Any CPU = Release|Any CPU
	EndGlobalSection
	GlobalSection(ProjectConfigurationPlatforms) = postSolution
		{0277A555-B362-49CE-92DD-4D2C563E1011}.Debug|Any CPU.ActiveCfg = Debug|Any CPU
		{0277A555-B362-49CE-92DD-4D2C563E1011}.Debug|Any CPU.Build.0 = Debug|Any CPU
		{0277A555-B362-49CE-92DD-4D2C563E1011}.Release|Any CPU.ActiveCfg = Release|Any CPU
		{0277A555-B362-49CE-92DD-4D2C563E1011}.Release|Any CPU.Build.0 = Release|Any CPU
		{10999941-FBF2-4AE0-A8B4-07AF495ADF15}.Debug|Any CPU.ActiveCfg = Debug|Any CPU
		{10999941-FBF2-4AE0-A8B4-07AF495ADF15}.Debug|Any CPU.Build.0 = Debug|Any CPU
		{10999941-FBF2-4AE0-A8B4-07AF495ADF15}.Release|Any CPU.ActiveCfg = Release|Any CPU
		{10999941-FBF2-4AE0-A8B4-07AF495ADF15}.Release|Any CPU.Build.0 = Release|Any CPU
		{FDDDB295-2C4C-41FF-8511-A8A59855A137}.Debug|Any CPU.ActiveCfg = Debug|Any CPU
		{FDDDB295-2C4C-41FF-8511-A8A59855A137}.Debug|Any CPU.Build.0 = Debug|Any CPU
		{FDDDB295-2C4C-41FF-8511-A8A59855A137}.Release|Any CPU.ActiveCfg = Release|Any CPU
		{FDDDB295-2C4C-41FF-8511-A8A59855A137}.Release|Any CPU.Build.0 = Release|Any CPU
	EndGlobalSection
	GlobalSection(SolutionProperties) = preSolution
		HideSolutionNode = FALSE
	EndGlobalSection
	GlobalSection(ExtensibilityGlobals) = postSolution
		SolutionGuid = {688FB889-A6AF-4E91-8AE4-87F93D21EA87}
	EndGlobalSection
EndGlobal
